// !$*UTF8*$!
{
	archiveVersion = 1;
	classes = {
	};
	objectVersion = 56;
	objects = {

/* Begin PBXBuildFile section */
		C12435542B5DC019007588A1 /* Earn_it_practiceApp.swift in Sources */ = {isa = PBXBuildFile; fileRef = C12435532B5DC019007588A1 /* Earn_it_practiceApp.swift */; };
		C12435562B5DC019007588A1 /* ContentView.swift in Sources */ = {isa = PBXBuildFile; fileRef = C12435552B5DC019007588A1 /* ContentView.swift */; };
		C12435582B5DC01B007588A1 /* Assets.xcassets in Resources */ = {isa = PBXBuildFile; fileRef = C12435572B5DC01B007588A1 /* Assets.xcassets */; };
		C124355B2B5DC01B007588A1 /* Preview Assets.xcassets in Resources */ = {isa = PBXBuildFile; fileRef = C124355A2B5DC01B007588A1 /* Preview Assets.xcassets */; };
		C12435652B5DC01B007588A1 /* Earn_it_practiceTests.swift in Sources */ = {isa = PBXBuildFile; fileRef = C12435642B5DC01B007588A1 /* Earn_it_practiceTests.swift */; };
		C124356F2B5DC01B007588A1 /* Earn_it_practiceUITests.swift in Sources */ = {isa = PBXBuildFile; fileRef = C124356E2B5DC01B007588A1 /* Earn_it_practiceUITests.swift */; };
		C12435712B5DC01B007588A1 /* Earn_it_practiceUITestsLaunchTests.swift in Sources */ = {isa = PBXBuildFile; fileRef = C12435702B5DC01B007588A1 /* Earn_it_practiceUITestsLaunchTests.swift */; };
		C124357F2B5DC0C1007588A1 /* link.swift in Sources */ = {isa = PBXBuildFile; fileRef = C124357E2B5DC0C1007588A1 /* link.swift */; };
		C12435822B5DE326007588A1 /* SwiftSoup in Frameworks */ = {isa = PBXBuildFile; productRef = C12435812B5DE326007588A1 /* SwiftSoup */; };
		C124358D2B61715D007588A1 /* imageView.swift in Sources */ = {isa = PBXBuildFile; fileRef = C124358C2B61715D007588A1 /* imageView.swift */; };
/* End PBXBuildFile section */

/* Begin PBXContainerItemProxy section */
		C12435612B5DC01B007588A1 /* PBXContainerItemProxy */ = {
			isa = PBXContainerItemProxy;
			containerPortal = C12435482B5DC019007588A1 /* Project object */;
			proxyType = 1;
			remoteGlobalIDString = C124354F2B5DC019007588A1;
			remoteInfo = "Earn it practice";
		};
		C124356B2B5DC01B007588A1 /* PBXContainerItemProxy */ = {
			isa = PBXContainerItemProxy;
			containerPortal = C12435482B5DC019007588A1 /* Project object */;
			proxyType = 1;
			remoteGlobalIDString = C124354F2B5DC019007588A1;
			remoteInfo = "Earn it practice";
		};
/* End PBXContainerItemProxy section */

/* Begin PBXFileReference section */
		C12435502B5DC019007588A1 /* Earn it practice.app */ = {isa = PBXFileReference; explicitFileType = wrapper.application; includeInIndex = 0; path = "Earn it practice.app"; sourceTree = BUILT_PRODUCTS_DIR; };
		C12435532B5DC019007588A1 /* Earn_it_practiceApp.swift */ = {isa = PBXFileReference; lastKnownFileType = sourcecode.swift; path = Earn_it_practiceApp.swift; sourceTree = "<group>"; };
		C12435552B5DC019007588A1 /* ContentView.swift */ = {isa = PBXFileReference; lastKnownFileType = sourcecode.swift; path = ContentView.swift; sourceTree = "<group>"; };
		C12435572B5DC01B007588A1 /* Assets.xcassets */ = {isa = PBXFileReference; lastKnownFileType = folder.assetcatalog; path = Assets.xcassets; sourceTree = "<group>"; };
		C124355A2B5DC01B007588A1 /* Preview Assets.xcassets */ = {isa = PBXFileReference; lastKnownFileType = folder.assetcatalog; path = "Preview Assets.xcassets"; sourceTree = "<group>"; };
		C12435602B5DC01B007588A1 /* Earn it practiceTests.xctest */ = {isa = PBXFileReference; explicitFileType = wrapper.cfbundle; includeInIndex = 0; path = "Earn it practiceTests.xctest"; sourceTree = BUILT_PRODUCTS_DIR; };
		C12435642B5DC01B007588A1 /* Earn_it_practiceTests.swift */ = {isa = PBXFileReference; lastKnownFileType = sourcecode.swift; path = Earn_it_practiceTests.swift; sourceTree = "<group>"; };
		C124356A2B5DC01B007588A1 /* Earn it practiceUITests.xctest */ = {isa = PBXFileReference; explicitFileType = wrapper.cfbundle; includeInIndex = 0; path = "Earn it practiceUITests.xctest"; sourceTree = BUILT_PRODUCTS_DIR; };
		C124356E2B5DC01B007588A1 /* Earn_it_practiceUITests.swift */ = {isa = PBXFileReference; lastKnownFileType = sourcecode.swift; path = Earn_it_practiceUITests.swift; sourceTree = "<group>"; };
		C12435702B5DC01B007588A1 /* Earn_it_practiceUITestsLaunchTests.swift */ = {isa = PBXFileReference; lastKnownFileType = sourcecode.swift; path = Earn_it_practiceUITestsLaunchTests.swift; sourceTree = "<group>"; };
		C124357E2B5DC0C1007588A1 /* link.swift */ = {isa = PBXFileReference; lastKnownFileType = sourcecode.swift; path = link.swift; sourceTree = "<group>"; };
		C124358C2B61715D007588A1 /* imageView.swift */ = {isa = PBXFileReference; lastKnownFileType = sourcecode.swift; path = imageView.swift; sourceTree = "<group>"; };
/* End PBXFileReference section */

/* Begin PBXFrameworksBuildPhase section */
		C124354D2B5DC019007588A1 /* Frameworks */ = {
			isa = PBXFrameworksBuildPhase;
			buildActionMask = 2147483647;
			files = (
				C12435822B5DE326007588A1 /* SwiftSoup in Frameworks */,
			);
			runOnlyForDeploymentPostprocessing = 0;
		};
		C124355D2B5DC01B007588A1 /* Frameworks */ = {
			isa = PBXFrameworksBuildPhase;
			buildActionMask = 2147483647;
			files = (
			);
			runOnlyForDeploymentPostprocessing = 0;
		};
		C12435672B5DC01B007588A1 /* Frameworks */ = {
			isa = PBXFrameworksBuildPhase;
			buildActionMask = 2147483647;
			files = (
			);
			runOnlyForDeploymentPostprocessing = 0;
		};
/* End PBXFrameworksBuildPhase section */

/* Begin PBXGroup section */
		C12435472B5DC019007588A1 = {
			isa = PBXGroup;
			children = (
				C12435522B5DC019007588A1 /* Earn it practice */,
				C12435632B5DC01B007588A1 /* Earn it practiceTests */,
				C124356D2B5DC01B007588A1 /* Earn it practiceUITests */,
				C12435512B5DC019007588A1 /* Products */,
			);
			sourceTree = "<group>";
		};
		C12435512B5DC019007588A1 /* Products */ = {
			isa = PBXGroup;
			children = (
				C12435502B5DC019007588A1 /* Earn it practice.app */,
				C12435602B5DC01B007588A1 /* Earn it practiceTests.xctest */,
				C124356A2B5DC01B007588A1 /* Earn it practiceUITests.xctest */,
			);
			name = Products;
			sourceTree = "<group>";
		};
		C12435522B5DC019007588A1 /* Earn it practice */ = {
			isa = PBXGroup;
			children = (
				C12435532B5DC019007588A1 /* Earn_it_practiceApp.swift */,
				C12435552B5DC019007588A1 /* ContentView.swift */,
				C124358C2B61715D007588A1 /* imageView.swift */,
				C124357E2B5DC0C1007588A1 /* link.swift */,
				C12435572B5DC01B007588A1 /* Assets.xcassets */,
				C12435592B5DC01B007588A1 /* Preview Content */,
			);
			path = "Earn it practice";
			sourceTree = "<group>";
		};
		C12435592B5DC01B007588A1 /* Preview Content */ = {
			isa = PBXGroup;
			children = (
				C124355A2B5DC01B007588A1 /* Preview Assets.xcassets */,
			);
			path = "Preview Content";
			sourceTree = "<group>";
		};
		C12435632B5DC01B007588A1 /* Earn it practiceTests */ = {
			isa = PBXGroup;
			children = (
				C12435642B5DC01B007588A1 /* Earn_it_practiceTests.swift */,
			);
			path = "Earn it practiceTests";
			sourceTree = "<group>";
		};
		C124356D2B5DC01B007588A1 /* Earn it practiceUITests */ = {
			isa = PBXGroup;
			children = (
				C124356E2B5DC01B007588A1 /* Earn_it_practiceUITests.swift */,
				C12435702B5DC01B007588A1 /* Earn_it_practiceUITestsLaunchTests.swift */,
			);
			path = "Earn it practiceUITests";
			sourceTree = "<group>";
		};
/* End PBXGroup section */

/* Begin PBXNativeTarget section */
		C124354F2B5DC019007588A1 /* Earn it practice */ = {
			isa = PBXNativeTarget;
			buildConfigurationList = C12435742B5DC01B007588A1 /* Build configuration list for PBXNativeTarget "Earn it practice" */;
			buildPhases = (
				C124354C2B5DC019007588A1 /* Sources */,
				C124354D2B5DC019007588A1 /* Frameworks */,
				C124354E2B5DC019007588A1 /* Resources */,
			);
			buildRules = (
			);
			dependencies = (
			);
			name = "Earn it practice";
			packageProductDependencies = (
				C12435812B5DE326007588A1 /* SwiftSoup */,
			);
			productName = "Earn it practice";
			productReference = C12435502B5DC019007588A1 /* Earn it practice.app */;
			productType = "com.apple.product-type.application";
		};
		C124355F2B5DC01B007588A1 /* Earn it practiceTests */ = {
			isa = PBXNativeTarget;
			buildConfigurationList = C12435772B5DC01B007588A1 /* Build configuration list for PBXNativeTarget "Earn it practiceTests" */;
			buildPhases = (
				C124355C2B5DC01B007588A1 /* Sources */,
				C124355D2B5DC01B007588A1 /* Frameworks */,
				C124355E2B5DC01B007588A1 /* Resources */,
			);
			buildRules = (
			);
			dependencies = (
				C12435622B5DC01B007588A1 /* PBXTargetDependency */,
			);
			name = "Earn it practiceTests";
			productName = "Earn it practiceTests";
			productReference = C12435602B5DC01B007588A1 /* Earn it practiceTests.xctest */;
			productType = "com.apple.product-type.bundle.unit-test";
		};
		C12435692B5DC01B007588A1 /* Earn it practiceUITests */ = {
			isa = PBXNativeTarget;
			buildConfigurationList = C124357A2B5DC01B007588A1 /* Build configuration list for PBXNativeTarget "Earn it practiceUITests" */;
			buildPhases = (
				C12435662B5DC01B007588A1 /* Sources */,
				C12435672B5DC01B007588A1 /* Frameworks */,
				C12435682B5DC01B007588A1 /* Resources */,
			);
			buildRules = (
			);
			dependencies = (
				C124356C2B5DC01B007588A1 /* PBXTargetDependency */,
			);
			name = "Earn it practiceUITests";
			productName = "Earn it practiceUITests";
			productReference = C124356A2B5DC01B007588A1 /* Earn it practiceUITests.xctest */;
			productType = "com.apple.product-type.bundle.ui-testing";
		};
/* End PBXNativeTarget section */

/* Begin PBXProject section */
		C12435482B5DC019007588A1 /* Project object */ = {
			isa = PBXProject;
			attributes = {
				BuildIndependentTargetsInParallel = 1;
				LastSwiftUpdateCheck = 1500;
				LastUpgradeCheck = 1500;
				TargetAttributes = {
					C124354F2B5DC019007588A1 = {
						CreatedOnToolsVersion = 15.0.1;
					};
					C124355F2B5DC01B007588A1 = {
						CreatedOnToolsVersion = 15.0.1;
						TestTargetID = C124354F2B5DC019007588A1;
					};
					C12435692B5DC01B007588A1 = {
						CreatedOnToolsVersion = 15.0.1;
						TestTargetID = C124354F2B5DC019007588A1;
					};
				};
			};
			buildConfigurationList = C124354B2B5DC019007588A1 /* Build configuration list for PBXProject "Earn it practice" */;
			compatibilityVersion = "Xcode 14.0";
			developmentRegion = en;
			hasScannedForEncodings = 0;
			knownRegions = (
				en,
				Base,
			);
			mainGroup = C12435472B5DC019007588A1;
			packageReferences = (
				C12435802B5DE326007588A1 /* XCRemoteSwiftPackageReference "SwiftSoup" */,
			);
			productRefGroup = C12435512B5DC019007588A1 /* Products */;
			projectDirPath = "";
			projectRoot = "";
			targets = (
				C124354F2B5DC019007588A1 /* Earn it practice */,
				C124355F2B5DC01B007588A1 /* Earn it practiceTests */,
				C12435692B5DC01B007588A1 /* Earn it practiceUITests */,
			);
		};
/* End PBXProject section */

/* Begin PBXResourcesBuildPhase section */
		C124354E2B5DC019007588A1 /* Resources */ = {
			isa = PBXResourcesBuildPhase;
			buildActionMask = 2147483647;
			files = (
				C124355B2B5DC01B007588A1 /* Preview Assets.xcassets in Resources */,
				C12435582B5DC01B007588A1 /* Assets.xcassets in Resources */,
			);
			runOnlyForDeploymentPostprocessing = 0;
		};
		C124355E2B5DC01B007588A1 /* Resources */ = {
			isa = PBXResourcesBuildPhase;
			buildActionMask = 2147483647;
			files = (
			);
			runOnlyForDeploymentPostprocessing = 0;
		};
		C12435682B5DC01B007588A1 /* Resources */ = {
			isa = PBXResourcesBuildPhase;
			buildActionMask = 2147483647;
			files = (
			);
			runOnlyForDeploymentPostprocessing = 0;
		};
/* End PBXResourcesBuildPhase section */

/* Begin PBXSourcesBuildPhase section */
		C124354C2B5DC019007588A1 /* Sources */ = {
			isa = PBXSourcesBuildPhase;
			buildActionMask = 2147483647;
			files = (
				C124358D2B61715D007588A1 /* imageView.swift in Sources */,
				C12435562B5DC019007588A1 /* ContentView.swift in Sources */,
				C12435542B5DC019007588A1 /* Earn_it_practiceApp.swift in Sources */,
				C124357F2B5DC0C1007588A1 /* link.swift in Sources */,
			);
			runOnlyForDeploymentPostprocessing = 0;
		};
		C124355C2B5DC01B007588A1 /* Sources */ = {
			isa = PBXSourcesBuildPhase;
			buildActionMask = 2147483647;
			files = (
				C12435652B5DC01B007588A1 /* Earn_it_practiceTests.swift in Sources */,
			);
			runOnlyForDeploymentPostprocessing = 0;
		};
		C12435662B5DC01B007588A1 /* Sources */ = {
			isa = PBXSourcesBuildPhase;
			buildActionMask = 2147483647;
			files = (
				C12435712B5DC01B007588A1 /* Earn_it_practiceUITestsLaunchTests.swift in Sources */,
				C124356F2B5DC01B007588A1 /* Earn_it_practiceUITests.swift in Sources */,
			);
			runOnlyForDeploymentPostprocessing = 0;
		};
/* End PBXSourcesBuildPhase section */

/* Begin PBXTargetDependency section */
		C12435622B5DC01B007588A1 /* PBXTargetDependency */ = {
			isa = PBXTargetDependency;
			target = C124354F2B5DC019007588A1 /* Earn it practice */;
			targetProxy = C12435612B5DC01B007588A1 /* PBXContainerItemProxy */;
		};
		C124356C2B5DC01B007588A1 /* PBXTargetDependency */ = {
			isa = PBXTargetDependency;
			target = C124354F2B5DC019007588A1 /* Earn it practice */;
			targetProxy = C124356B2B5DC01B007588A1 /* PBXContainerItemProxy */;
		};
/* End PBXTargetDependency section */

/* Begin XCBuildConfiguration section */
		C12435722B5DC01B007588A1 /* Debug */ = {
			isa = XCBuildConfiguration;
			buildSettings = {
				ALWAYS_SEARCH_USER_PATHS = NO;
				ASSETCATALOG_COMPILER_GENERATE_SWIFT_ASSET_SYMBOL_EXTENSIONS = YES;
				CLANG_ANALYZER_NONNULL = YES;
				CLANG_ANALYZER_NUMBER_OBJECT_CONVERSION = YES_AGGRESSIVE;
				CLANG_CXX_LANGUAGE_STANDARD = "gnu++20";
				CLANG_ENABLE_MODULES = YES;
				CLANG_ENABLE_OBJC_ARC = YES;
				CLANG_ENABLE_OBJC_WEAK = YES;
				CLANG_WARN_BLOCK_CAPTURE_AUTORELEASING = YES;
				CLANG_WARN_BOOL_CONVERSION = YES;
				CLANG_WARN_COMMA = YES;
				CLANG_WARN_CONSTANT_CONVERSION = YES;
				CLANG_WARN_DEPRECATED_OBJC_IMPLEMENTATIONS = YES;
				CLANG_WARN_DIRECT_OBJC_ISA_USAGE = YES_ERROR;
				CLANG_WARN_DOCUMENTATION_COMMENTS = YES;
				CLANG_WARN_EMPTY_BODY = YES;
				CLANG_WARN_ENUM_CONVERSION = YES;
				CLANG_WARN_INFINITE_RECURSION = YES;
				CLANG_WARN_INT_CONVERSION = YES;
				CLANG_WARN_NON_LITERAL_NULL_CONVERSION = YES;
				CLANG_WARN_OBJC_IMPLICIT_RETAIN_SELF = YES;
				CLANG_WARN_OBJC_LITERAL_CONVERSION = YES;
				CLANG_WARN_OBJC_ROOT_CLASS = YES_ERROR;
				CLANG_WARN_QUOTED_INCLUDE_IN_FRAMEWORK_HEADER = YES;
				CLANG_WARN_RANGE_LOOP_ANALYSIS = YES;
				CLANG_WARN_STRICT_PROTOTYPES = YES;
				CLANG_WARN_SUSPICIOUS_MOVE = YES;
				CLANG_WARN_UNGUARDED_AVAILABILITY = YES_AGGRESSIVE;
				CLANG_WARN_UNREACHABLE_CODE = YES;
				CLANG_WARN__DUPLICATE_METHOD_MATCH = YES;
				COPY_PHASE_STRIP = NO;
				DEBUG_INFORMATION_FORMAT = dwarf;
				ENABLE_STRICT_OBJC_MSGSEND = YES;
				ENABLE_TESTABILITY = YES;
				ENABLE_USER_SCRIPT_SANDBOXING = YES;
				GCC_C_LANGUAGE_STANDARD = gnu17;
				GCC_DYNAMIC_NO_PIC = NO;
				GCC_NO_COMMON_BLOCKS = YES;
				GCC_OPTIMIZATION_LEVEL = 0;
				GCC_PREPROCESSOR_DEFINITIONS = (
					"DEBUG=1",
					"$(inherited)",
				);
				GCC_WARN_64_TO_32_BIT_CONVERSION = YES;
				GCC_WARN_ABOUT_RETURN_TYPE = YES_ERROR;
				GCC_WARN_UNDECLARED_SELECTOR = YES;
				GCC_WARN_UNINITIALIZED_AUTOS = YES_AGGRESSIVE;
				GCC_WARN_UNUSED_FUNCTION = YES;
				GCC_WARN_UNUSED_VARIABLE = YES;
				IPHONEOS_DEPLOYMENT_TARGET = 17.0;
				LOCALIZATION_PREFERS_STRING_CATALOGS = YES;
				MTL_ENABLE_DEBUG_INFO = INCLUDE_SOURCE;
				MTL_FAST_MATH = YES;
				ONLY_ACTIVE_ARCH = YES;
				SDKROOT = iphoneos;
				SWIFT_ACTIVE_COMPILATION_CONDITIONS = "DEBUG $(inherited)";
				SWIFT_OPTIMIZATION_LEVEL = "-Onone";
			};
			name = Debug;
		};
		C12435732B5DC01B007588A1 /* Release */ = {
			isa = XCBuildConfiguration;
			buildSettings = {
				ALWAYS_SEARCH_USER_PATHS = NO;
				ASSETCATALOG_COMPILER_GENERATE_SWIFT_ASSET_SYMBOL_EXTENSIONS = YES;
				CLANG_ANALYZER_NONNULL = YES;
				CLANG_ANALYZER_NUMBER_OBJECT_CONVERSION = YES_AGGRESSIVE;
				CLANG_CXX_LANGUAGE_STANDARD = "gnu++20";
				CLANG_ENABLE_MODULES = YES;
				CLANG_ENABLE_OBJC_ARC = YES;
				CLANG_ENABLE_OBJC_WEAK = YES;
				CLANG_WARN_BLOCK_CAPTURE_AUTORELEASING = YES;
				CLANG_WARN_BOOL_CONVERSION = YES;
				CLANG_WARN_COMMA = YES;
				CLANG_WARN_CONSTANT_CONVERSION = YES;
				CLANG_WARN_DEPRECATED_OBJC_IMPLEMENTATIONS = YES;
				CLANG_WARN_DIRECT_OBJC_ISA_USAGE = YES_ERROR;
				CLANG_WARN_DOCUMENTATION_COMMENTS = YES;
				CLANG_WARN_EMPTY_BODY = YES;
				CLANG_WARN_ENUM_CONVERSION = YES;
				CLANG_WARN_INFINITE_RECURSION = YES;
				CLANG_WARN_INT_CONVERSION = YES;
				CLANG_WARN_NON_LITERAL_NULL_CONVERSION = YES;
				CLANG_WARN_OBJC_IMPLICIT_RETAIN_SELF = YES;
				CLANG_WARN_OBJC_LITERAL_CONVERSION = YES;
				CLANG_WARN_OBJC_ROOT_CLASS = YES_ERROR;
				CLANG_WARN_QUOTED_INCLUDE_IN_FRAMEWORK_HEADER = YES;
				CLANG_WARN_RANGE_LOOP_ANALYSIS = YES;
				CLANG_WARN_STRICT_PROTOTYPES = YES;
				CLANG_WARN_SUSPICIOUS_MOVE = YES;
				CLANG_WARN_UNGUARDED_AVAILABILITY = YES_AGGRESSIVE;
				CLANG_WARN_UNREACHABLE_CODE = YES;
				CLANG_WARN__DUPLICATE_METHOD_MATCH = YES;
				COPY_PHASE_STRIP = NO;
				DEBUG_INFORMATION_FORMAT = "dwarf-with-dsym";
				ENABLE_NS_ASSERTIONS = NO;
				ENABLE_STRICT_OBJC_MSGSEND = YES;
				ENABLE_USER_SCRIPT_SANDBOXING = YES;
				GCC_C_LANGUAGE_STANDARD = gnu17;
				GCC_NO_COMMON_BLOCKS = YES;
				GCC_WARN_64_TO_32_BIT_CONVERSION = YES;
				GCC_WARN_ABOUT_RETURN_TYPE = YES_ERROR;
				GCC_WARN_UNDECLARED_SELECTOR = YES;
				GCC_WARN_UNINITIALIZED_AUTOS = YES_AGGRESSIVE;
				GCC_WARN_UNUSED_FUNCTION = YES;
				GCC_WARN_UNUSED_VARIABLE = YES;
				IPHONEOS_DEPLOYMENT_TARGET = 17.0;
				LOCALIZATION_PREFERS_STRING_CATALOGS = YES;
				MTL_ENABLE_DEBUG_INFO = NO;
				MTL_FAST_MATH = YES;
				SDKROOT = iphoneos;
				SWIFT_COMPILATION_MODE = wholemodule;
				VALIDATE_PRODUCT = YES;
			};
			name = Release;
		};
		C12435752B5DC01B007588A1 /* Debug */ = {
			isa = XCBuildConfiguration;
			buildSettings = {
				ASSETCATALOG_COMPILER_APPICON_NAME = AppIcon;
				ASSETCATALOG_COMPILER_GLOBAL_ACCENT_COLOR_NAME = AccentColor;
				CODE_SIGN_STYLE = Automatic;
				CURRENT_PROJECT_VERSION = 1;
				DEVELOPMENT_ASSET_PATHS = "\"Earn it practice/Preview Content\"";
				DEVELOPMENT_TEAM = M8ZG8KDA6A;
				ENABLE_PREVIEWS = YES;
				GENERATE_INFOPLIST_FILE = YES;
				INFOPLIST_KEY_UIApplicationSceneManifest_Generation = YES;
				INFOPLIST_KEY_UIApplicationSupportsIndirectInputEvents = YES;
				INFOPLIST_KEY_UILaunchScreen_Generation = YES;
				INFOPLIST_KEY_UISupportedInterfaceOrientations_iPad = "UIInterfaceOrientationPortrait UIInterfaceOrientationPortraitUpsideDown UIInterfaceOrientationLandscapeLeft UIInterfaceOrientationLandscapeRight";
				INFOPLIST_KEY_UISupportedInterfaceOrientations_iPhone = "UIInterfaceOrientationPortrait UIInterfaceOrientationLandscapeLeft UIInterfaceOrientationLandscapeRight";
				LD_RUNPATH_SEARCH_PATHS = (
					"$(inherited)",
					"@executable_path/Frameworks",
				);
				MARKETING_VERSION = 1.0;
				PRODUCT_BUNDLE_IDENTIFIER = "apple-academy.Earn-it-practice";
				PRODUCT_NAME = "$(TARGET_NAME)";
				SWIFT_EMIT_LOC_STRINGS = YES;
				SWIFT_VERSION = 5.0;
				TARGETED_DEVICE_FAMILY = "1,2";
			};
			name = Debug;
		};
		C12435762B5DC01B007588A1 /* Release */ = {
			isa = XCBuildConfiguration;
			buildSettings = {
				ASSETCATALOG_COMPILER_APPICON_NAME = AppIcon;
				ASSETCATALOG_COMPILER_GLOBAL_ACCENT_COLOR_NAME = AccentColor;
				CODE_SIGN_STYLE = Automatic;
				CURRENT_PROJECT_VERSION = 1;
				DEVELOPMENT_ASSET_PATHS = "\"Earn it practice/Preview Content\"";
				DEVELOPMENT_TEAM = M8ZG8KDA6A;
				ENABLE_PREVIEWS = YES;
				GENERATE_INFOPLIST_FILE = YES;
				INFOPLIST_KEY_UIApplicationSceneManifest_Generation = YES;
				INFOPLIST_KEY_UIApplicationSupportsIndirectInputEvents = YES;
				INFOPLIST_KEY_UILaunchScreen_Generation = YES;
				INFOPLIST_KEY_UISupportedInterfaceOrientations_iPad = "UIInterfaceOrientationPortrait UIInterfaceOrientationPortraitUpsideDown UIInterfaceOrientationLandscapeLeft UIInterfaceOrientationLandscapeRight";
				INFOPLIST_KEY_UISupportedInterfaceOrientations_iPhone = "UIInterfaceOrientationPortrait UIInterfaceOrientationLandscapeLeft UIInterfaceOrientationLandscapeRight";
				LD_RUNPATH_SEARCH_PATHS = (
					"$(inherited)",
					"@executable_path/Frameworks",
				);
				MARKETING_VERSION = 1.0;
				PRODUCT_BUNDLE_IDENTIFIER = "apple-academy.Earn-it-practice";
				PRODUCT_NAME = "$(TARGET_NAME)";
				SWIFT_EMIT_LOC_STRINGS = YES;
				SWIFT_VERSION = 5.0;
				TARGETED_DEVICE_FAMILY = "1,2";
			};
			name = Release;
		};
		C12435782B5DC01B007588A1 /* Debug */ = {
			isa = XCBuildConfiguration;
			buildSettings = {
				ALWAYS_EMBED_SWIFT_STANDARD_LIBRARIES = YES;
				BUNDLE_LOADER = "$(TEST_HOST)";
				CODE_SIGN_STYLE = Automatic;
				CURRENT_PROJECT_VERSION = 1;
				GENERATE_INFOPLIST_FILE = YES;
				IPHONEOS_DEPLOYMENT_TARGET = 17.0;
				MARKETING_VERSION = 1.0;
				PRODUCT_BUNDLE_IDENTIFIER = "apple-academy.Earn-it-practiceTests";
				PRODUCT_NAME = "$(TARGET_NAME)";
				SWIFT_EMIT_LOC_STRINGS = NO;
				SWIFT_VERSION = 5.0;
				TARGETED_DEVICE_FAMILY = "1,2";
				TEST_HOST = "$(BUILT_PRODUCTS_DIR)/Earn it practice.app/$(BUNDLE_EXECUTABLE_FOLDER_PATH)/Earn it practice";
			};
			name = Debug;
		};
		C12435792B5DC01B007588A1 /* Release */ = {
			isa = XCBuildConfiguration;
			buildSettings = {
				ALWAYS_EMBED_SWIFT_STANDARD_LIBRARIES = YES;
				BUNDLE_LOADER = "$(TEST_HOST)";
				CODE_SIGN_STYLE = Automatic;
				CURRENT_PROJECT_VERSION = 1;
				GENERATE_INFOPLIST_FILE = YES;
				IPHONEOS_DEPLOYMENT_TARGET = 17.0;
				MARKETING_VERSION = 1.0;
				PRODUCT_BUNDLE_IDENTIFIER = "apple-academy.Earn-it-practiceTests";
				PRODUCT_NAME = "$(TARGET_NAME)";
				SWIFT_EMIT_LOC_STRINGS = NO;
				SWIFT_VERSION = 5.0;
				TARGETED_DEVICE_FAMILY = "1,2";
				TEST_HOST = "$(BUILT_PRODUCTS_DIR)/Earn it practice.app/$(BUNDLE_EXECUTABLE_FOLDER_PATH)/Earn it practice";
			};
			name = Release;
		};
		C124357B2B5DC01B007588A1 /* Debug */ = {
			isa = XCBuildConfiguration;
			buildSettings = {
				ALWAYS_EMBED_SWIFT_STANDARD_LIBRARIES = YES;
				CODE_SIGN_STYLE = Automatic;
				CURRENT_PROJECT_VERSION = 1;
				GENERATE_INFOPLIST_FILE = YES;
				MARKETING_VERSION = 1.0;
				PRODUCT_BUNDLE_IDENTIFIER = "apple-academy.Earn-it-practiceUITests";
				PRODUCT_NAME = "$(TARGET_NAME)";
				SWIFT_EMIT_LOC_STRINGS = NO;
				SWIFT_VERSION = 5.0;
				TARGETED_DEVICE_FAMILY = "1,2";
				TEST_TARGET_NAME = "Earn it practice";
			};
			name = Debug;
		};
		C124357C2B5DC01B007588A1 /* Release */ = {
			isa = XCBuildConfiguration;
			buildSettings = {
				ALWAYS_EMBED_SWIFT_STANDARD_LIBRARIES = YES;
				CODE_SIGN_STYLE = Automatic;
				CURRENT_PROJECT_VERSION = 1;
				GENERATE_INFOPLIST_FILE = YES;
				MARKETING_VERSION = 1.0;
				PRODUCT_BUNDLE_IDENTIFIER = "apple-academy.Earn-it-practiceUITests";
				PRODUCT_NAME = "$(TARGET_NAME)";
				SWIFT_EMIT_LOC_STRINGS = NO;
				SWIFT_VERSION = 5.0;
				TARGETED_DEVICE_FAMILY = "1,2";
				TEST_TARGET_NAME = "Earn it practice";
			};
			name = Release;
		};
/* End XCBuildConfiguration section */

/* Begin XCConfigurationList section */
		C124354B2B5DC019007588A1 /* Build configuration list for PBXProject "Earn it practice" */ = {
			isa = XCConfigurationList;
			buildConfigurations = (
				C12435722B5DC01B007588A1 /* Debug */,
				C12435732B5DC01B007588A1 /* Release */,
			);
			defaultConfigurationIsVisible = 0;
			defaultConfigurationName = Release;
		};
		C12435742B5DC01B007588A1 /* Build configuration list for PBXNativeTarget "Earn it practice" */ = {
			isa = XCConfigurationList;
			buildConfigurations = (
				C12435752B5DC01B007588A1 /* Debug */,
				C12435762B5DC01B007588A1 /* Release */,
			);
			defaultConfigurationIsVisible = 0;
			defaultConfigurationName = Release;
		};
		C12435772B5DC01B007588A1 /* Build configuration list for PBXNativeTarget "Earn it practiceTests" */ = {
			isa = XCConfigurationList;
			buildConfigurations = (
				C12435782B5DC01B007588A1 /* Debug */,
				C12435792B5DC01B007588A1 /* Release */,
			);
			defaultConfigurationIsVisible = 0;
			defaultConfigurationName = Release;
		};
		C124357A2B5DC01B007588A1 /* Build configuration list for PBXNativeTarget "Earn it practiceUITests" */ = {
			isa = XCConfigurationList;
			buildConfigurations = (
				C124357B2B5DC01B007588A1 /* Debug */,
				C124357C2B5DC01B007588A1 /* Release */,
			);
			defaultConfigurationIsVisible = 0;
			defaultConfigurationName = Release;
		};
/* End XCConfigurationList section */

/* Begin XCRemoteSwiftPackageReference section */
		C12435802B5DE326007588A1 /* XCRemoteSwiftPackageReference "SwiftSoup" */ = {
			isa = XCRemoteSwiftPackageReference;
			repositoryURL = "https://github.com/scinfu/SwiftSoup.git";
			requirement = {
				kind = upToNextMajorVersion;
				minimumVersion = 2.7.0;
			};
		};
/* End XCRemoteSwiftPackageReference section */

/* Begin XCSwiftPackageProductDependency section */
		C12435812B5DE326007588A1 /* SwiftSoup */ = {
			isa = XCSwiftPackageProductDependency;
			package = C12435802B5DE326007588A1 /* XCRemoteSwiftPackageReference "SwiftSoup" */;
			productName = SwiftSoup;
		};
/* End XCSwiftPackageProductDependency section */
	};
	rootObject = C12435482B5DC019007588A1 /* Project object */;
}
